// !$*UTF8*$!
{
	archiveVersion = 1;
	classes = {
	};
	objectVersion = 46;
	objects = {

/* Begin PBXBuildFile section */
		753B79F9191A89800034A6D5 /* TODO.txt in Resources */ = {isa = PBXBuildFile; fileRef = 753B79F8191A89800034A6D5 /* TODO.txt */; };
		753B79FC191A8D970034A6D5 /* E11_PixelBlur.fsh in Resources */ = {isa = PBXBuildFile; fileRef = 753B79FA191A8D970034A6D5 /* E11_PixelBlur.fsh */; };
		753B79FD191A8D970034A6D5 /* E11_PixelBlur.m in Sources */ = {isa = PBXBuildFile; fileRef = 753B79FB191A8D970034A6D5 /* E11_PixelBlur.m */; };
		753B7A03191A92840034A6D5 /* E11_PixelBlur.vsh in Resources */ = {isa = PBXBuildFile; fileRef = 753B7A02191A92840034A6D5 /* E11_PixelBlur.vsh */; };
		753B7A06191AC2DD0034A6D5 /* E12_ColorMatrix.m in Sources */ = {isa = PBXBuildFile; fileRef = 753B7A04191AC2DD0034A6D5 /* E12_ColorMatrix.m */; };
		753B7A07191AC2DD0034A6D5 /* E12_ColorMatrix.fsh in Resources */ = {isa = PBXBuildFile; fileRef = 753B7A05191AC2DD0034A6D5 /* E12_ColorMatrix.fsh */; };
		753B7A0A191AD9710034A6D5 /* E13_MotionBlur.fsh in Resources */ = {isa = PBXBuildFile; fileRef = 753B7A08191AD9710034A6D5 /* E13_MotionBlur.fsh */; };
		753B7A0B191AD9710034A6D5 /* E13_MotionBlur.m in Sources */ = {isa = PBXBuildFile; fileRef = 753B7A09191AD9710034A6D5 /* E13_MotionBlur.m */; };
		D32754F4191A94EC00865098 /* E08_Outline.fsh in Resources */ = {isa = PBXBuildFile; fileRef = D32754F2191A94EC00865098 /* E08_Outline.fsh */; };
		D32754F5191A94EC00865098 /* E08_Outline.m in Sources */ = {isa = PBXBuildFile; fileRef = D32754F3191A94EC00865098 /* E08_Outline.m */; };
		D32754F8191A973D00865098 /* E08_Outline.vsh in Resources */ = {isa = PBXBuildFile; fileRef = D32754F7191A973D00865098 /* E08_Outline.vsh */; };
		D3275507191AE26A00865098 /* E09_Static.fsh in Resources */ = {isa = PBXBuildFile; fileRef = D3275505191AE26A00865098 /* E09_Static.fsh */; };
		D3275508191AE26A00865098 /* E09_Static.m in Sources */ = {isa = PBXBuildFile; fileRef = D3275506191AE26A00865098 /* E09_Static.m */; };
		D327550B191AE5E600865098 /* E09_Static.vsh in Resources */ = {isa = PBXBuildFile; fileRef = D327550A191AE5E600865098 /* E09_Static.vsh */; };
		D327550D191AEB2400865098 /* gaussianNoise.png in Resources */ = {isa = PBXBuildFile; fileRef = D327550C191AEB2400865098 /* gaussianNoise.png */; };
		D33E2B2A191D866000FEB214 /* E14_Flag.fsh in Resources */ = {isa = PBXBuildFile; fileRef = D33E2B28191D866000FEB214 /* E14_Flag.fsh */; };
		D33E2B2B191D866000FEB214 /* E14_Flag.m in Sources */ = {isa = PBXBuildFile; fileRef = D33E2B29191D866000FEB214 /* E14_Flag.m */; };
		D33E2B2F191D86EC00FEB214 /* Flag-ipad.png in Resources */ = {isa = PBXBuildFile; fileRef = D33E2B2D191D86EC00FEB214 /* Flag-ipad.png */; };
		D33E2B30191D86EC00FEB214 /* Flag-ipadhd.png in Resources */ = {isa = PBXBuildFile; fileRef = D33E2B2E191D86EC00FEB214 /* Flag-ipadhd.png */; };
		D38827A6191D60FA006C1A75 /* BisectionNoise.png in Resources */ = {isa = PBXBuildFile; fileRef = D38827A2191D60FA006C1A75 /* BisectionNoise.png */; };
		D38827A7191D60FA006C1A75 /* Caustic.png in Resources */ = {isa = PBXBuildFile; fileRef = D38827A3191D60FA006C1A75 /* Caustic.png */; };
		D38827A8191D60FA006C1A75 /* Rocks-ipad.png in Resources */ = {isa = PBXBuildFile; fileRef = D38827A4191D60FA006C1A75 /* Rocks-ipad.png */; };
		D38827A9191D60FA006C1A75 /* Rocks-ipadhd.png in Resources */ = {isa = PBXBuildFile; fileRef = D38827A5191D60FA006C1A75 /* Rocks-ipadhd.png */; };
		D38827B1191D617F006C1A75 /* E10_Water.fsh in Resources */ = {isa = PBXBuildFile; fileRef = D38827AE191D617F006C1A75 /* E10_Water.fsh */; };
		D38827B2191D617F006C1A75 /* E10_Water.m in Sources */ = {isa = PBXBuildFile; fileRef = D38827AF191D617F006C1A75 /* E10_Water.m */; };
		D38827B3191D617F006C1A75 /* E10_Water.vsh in Resources */ = {isa = PBXBuildFile; fileRef = D38827B0191D617F006C1A75 /* E10_Water.vsh */; };
		D3EF46F91919997E003E8B91 /* QuartzCore.framework in Frameworks */ = {isa = PBXBuildFile; fileRef = D3EF46F81919997E003E8B91 /* QuartzCore.framework */; };
		D3EF46FB1919997E003E8B91 /* OpenGLES.framework in Frameworks */ = {isa = PBXBuildFile; fileRef = D3EF46FA1919997E003E8B91 /* OpenGLES.framework */; };
		D3EF46FD1919997E003E8B91 /* OpenAL.framework in Frameworks */ = {isa = PBXBuildFile; fileRef = D3EF46FC1919997E003E8B91 /* OpenAL.framework */; };
		D3EF46FF1919997E003E8B91 /* AudioToolbox.framework in Frameworks */ = {isa = PBXBuildFile; fileRef = D3EF46FE1919997E003E8B91 /* AudioToolbox.framework */; };
		D3EF47011919997E003E8B91 /* AVFoundation.framework in Frameworks */ = {isa = PBXBuildFile; fileRef = D3EF47001919997E003E8B91 /* AVFoundation.framework */; };
		D3EF47031919997E003E8B91 /* UIKit.framework in Frameworks */ = {isa = PBXBuildFile; fileRef = D3EF47021919997E003E8B91 /* UIKit.framework */; };
		D3EF47051919997E003E8B91 /* Foundation.framework in Frameworks */ = {isa = PBXBuildFile; fileRef = D3EF47041919997E003E8B91 /* Foundation.framework */; };
		D3EF47071919997E003E8B91 /* CoreGraphics.framework in Frameworks */ = {isa = PBXBuildFile; fileRef = D3EF47061919997E003E8B91 /* CoreGraphics.framework */; };
		D3EF47091919997E003E8B91 /* CoreText.framework in Frameworks */ = {isa = PBXBuildFile; fileRef = D3EF47081919997E003E8B91 /* CoreText.framework */; };
		D3EF470B1919997E003E8B91 /* GLKit.framework in Frameworks */ = {isa = PBXBuildFile; fileRef = D3EF470A1919997E003E8B91 /* GLKit.framework */; };
		D3EF47151919997E003E8B91 /* Default.png in Resources */ = {isa = PBXBuildFile; fileRef = D3EF47141919997E003E8B91 /* Default.png */; };
		D3EF47171919997E003E8B91 /* Default@2x.png in Resources */ = {isa = PBXBuildFile; fileRef = D3EF47161919997E003E8B91 /* Default@2x.png */; };
		D3EF47191919997E003E8B91 /* Default-568h@2x.png in Resources */ = {isa = PBXBuildFile; fileRef = D3EF47181919997E003E8B91 /* Default-568h@2x.png */; };
		D3EF471B1919997E003E8B91 /* Default-Landscape~ipad.png in Resources */ = {isa = PBXBuildFile; fileRef = D3EF471A1919997E003E8B91 /* Default-Landscape~ipad.png */; };
		D3EF471E1919997E003E8B91 /* Icon.png in Resources */ = {isa = PBXBuildFile; fileRef = D3EF471D1919997E003E8B91 /* Icon.png */; };
		D3EF47201919997E003E8B91 /* Icon@2x.png in Resources */ = {isa = PBXBuildFile; fileRef = D3EF471F1919997E003E8B91 /* Icon@2x.png */; };
		D3EF47221919997E003E8B91 /* Icon-72.png in Resources */ = {isa = PBXBuildFile; fileRef = D3EF47211919997E003E8B91 /* Icon-72.png */; };
		D3EF47241919997E003E8B91 /* Icon-72@2x.png in Resources */ = {isa = PBXBuildFile; fileRef = D3EF47231919997E003E8B91 /* Icon-72@2x.png */; };
		D3EF47261919997E003E8B91 /* Icon-76.png in Resources */ = {isa = PBXBuildFile; fileRef = D3EF47251919997E003E8B91 /* Icon-76.png */; };
		D3EF47281919997E003E8B91 /* Icon-76@2x.png in Resources */ = {isa = PBXBuildFile; fileRef = D3EF47271919997E003E8B91 /* Icon-76@2x.png */; };
		D3EF472A1919997E003E8B91 /* Icon-120.png in Resources */ = {isa = PBXBuildFile; fileRef = D3EF47291919997E003E8B91 /* Icon-120.png */; };
		D3EF472C1919997E003E8B91 /* Icon-iPad-Spotlight-iOS7@2x.png in Resources */ = {isa = PBXBuildFile; fileRef = D3EF472B1919997E003E8B91 /* Icon-iPad-Spotlight-iOS7@2x.png */; };
		D3EF472E1919997E003E8B91 /* Icon-Small-50.png in Resources */ = {isa = PBXBuildFile; fileRef = D3EF472D1919997E003E8B91 /* Icon-Small-50.png */; };
		D3EF47301919997E003E8B91 /* Icon-Small.png in Resources */ = {isa = PBXBuildFile; fileRef = D3EF472F1919997E003E8B91 /* Icon-Small.png */; };
		D3EF47321919997E003E8B91 /* Icon-Small@2x.png in Resources */ = {isa = PBXBuildFile; fileRef = D3EF47311919997E003E8B91 /* Icon-Small@2x.png */; };
		D3EF47341919997E003E8B91 /* Icon-Spotlight-iOS7.png in Resources */ = {isa = PBXBuildFile; fileRef = D3EF47331919997E003E8B91 /* Icon-Spotlight-iOS7.png */; };
		D3EF47361919997E003E8B91 /* Icon-Spotlight-iOS7@2x.png in Resources */ = {isa = PBXBuildFile; fileRef = D3EF47351919997E003E8B91 /* Icon-Spotlight-iOS7@2x.png */; };
		D3EF494A19199980003E8B91 /* main.m in Sources */ = {isa = PBXBuildFile; fileRef = D3EF494919199980003E8B91 /* main.m */; };
		D3EF494E19199980003E8B91 /* AppDelegate.m in Sources */ = {isa = PBXBuildFile; fileRef = D3EF494D19199980003E8B91 /* AppDelegate.m */; };
		D3EF495F19199B09003E8B91 /* E01_SimplestShader.m in Sources */ = {isa = PBXBuildFile; fileRef = D3EF495E19199B09003E8B91 /* E01_SimplestShader.m */; };
		D3EF497019199DBF003E8B91 /* libcocos2d.a in Frameworks */ = {isa = PBXBuildFile; fileRef = D3EF496D19199D82003E8B91 /* libcocos2d.a */; };
		D3EF49761919A222003E8B91 /* Logo-ipad.png in Resources */ = {isa = PBXBuildFile; fileRef = D3EF49741919A222003E8B91 /* Logo-ipad.png */; };
		D3EF49771919A222003E8B91 /* Logo-ipadhd.png in Resources */ = {isa = PBXBuildFile; fileRef = D3EF49751919A222003E8B91 /* Logo-ipadhd.png */; };
		D3EF49791919A343003E8B91 /* E01_SimplestShader.fsh in Resources */ = {isa = PBXBuildFile; fileRef = D3EF49781919A343003E8B91 /* E01_SimplestShader.fsh */; };
		D3EF497F1919ABCB003E8B91 /* E02_SpriteColor.fsh in Resources */ = {isa = PBXBuildFile; fileRef = D3EF497D1919ABCB003E8B91 /* E02_SpriteColor.fsh */; };
		D3EF49801919ABCB003E8B91 /* E02_SpriteColor.m in Sources */ = {isa = PBXBuildFile; fileRef = D3EF497E1919ABCB003E8B91 /* E02_SpriteColor.m */; };
		D3EF49891919AE7D003E8B91 /* Interface-ipad.plist in Resources */ = {isa = PBXBuildFile; fileRef = D3EF49811919AE7D003E8B91 /* Interface-ipad.plist */; };
		D3EF498A1919AE7D003E8B91 /* Interface-ipad.png in Resources */ = {isa = PBXBuildFile; fileRef = D3EF49821919AE7D003E8B91 /* Interface-ipad.png */; };
		D3EF498B1919AE7D003E8B91 /* Interface-ipadhd.plist in Resources */ = {isa = PBXBuildFile; fileRef = D3EF49831919AE7D003E8B91 /* Interface-ipadhd.plist */; };
		D3EF498C1919AE7D003E8B91 /* Interface-ipadhd.png in Resources */ = {isa = PBXBuildFile; fileRef = D3EF49841919AE7D003E8B91 /* Interface-ipadhd.png */; };
		D3EF498D1919AE7D003E8B91 /* slider-background-ipad.png in Resources */ = {isa = PBXBuildFile; fileRef = D3EF49851919AE7D003E8B91 /* slider-background-ipad.png */; };
		D3EF498E1919AE7D003E8B91 /* slider-background-ipadhd.png in Resources */ = {isa = PBXBuildFile; fileRef = D3EF49861919AE7D003E8B91 /* slider-background-ipadhd.png */; };
		D3EF498F1919AE7D003E8B91 /* slider-handle-ipad.png in Resources */ = {isa = PBXBuildFile; fileRef = D3EF49871919AE7D003E8B91 /* slider-handle-ipad.png */; };
		D3EF49901919AE7D003E8B91 /* slider-handle-ipadhd.png in Resources */ = {isa = PBXBuildFile; fileRef = D3EF49881919AE7D003E8B91 /* slider-handle-ipadhd.png */; };
		D3EF49931919BE55003E8B91 /* E03_SpriteDistort.fsh in Resources */ = {isa = PBXBuildFile; fileRef = D3EF49911919BE55003E8B91 /* E03_SpriteDistort.fsh */; };
		D3EF49941919BE55003E8B91 /* E03_SpriteDistort.m in Sources */ = {isa = PBXBuildFile; fileRef = D3EF49921919BE55003E8B91 /* E03_SpriteDistort.m */; };
		D3EF49971919C543003E8B91 /* ExampleBase.m in Sources */ = {isa = PBXBuildFile; fileRef = D3EF49961919C543003E8B91 /* ExampleBase.m */; };
		D3EFD6F71919DA1700EA8874 /* E04_Grayscale.fsh in Resources */ = {isa = PBXBuildFile; fileRef = D3EFD6F51919DA1700EA8874 /* E04_Grayscale.fsh */; };
		D3EFD6F81919DA1700EA8874 /* E04_Grayscale.m in Sources */ = {isa = PBXBuildFile; fileRef = D3EFD6F61919DA1700EA8874 /* E04_Grayscale.m */; };
		D3EFD7001919DFA100EA8874 /* E05_Chromatic.m in Sources */ = {isa = PBXBuildFile; fileRef = D3EFD6FF1919DFA100EA8874 /* E05_Chromatic.m */; };
		D3EFD7031919DFA600EA8874 /* E05_Chromatic.fsh in Resources */ = {isa = PBXBuildFile; fileRef = D3EFD7021919DFA600EA8874 /* E05_Chromatic.fsh */; };
		D3EFD7061919E51800EA8874 /* E06_Shadow.fsh in Resources */ = {isa = PBXBuildFile; fileRef = D3EFD7041919E51800EA8874 /* E06_Shadow.fsh */; };
		D3EFD7071919E51800EA8874 /* E06_Shadow.m in Sources */ = {isa = PBXBuildFile; fileRef = D3EFD7051919E51800EA8874 /* E06_Shadow.m */; };
		D3EFD70A1919F89C00EA8874 /* E07_ColorFlash.fsh in Resources */ = {isa = PBXBuildFile; fileRef = D3EFD7081919F89C00EA8874 /* E07_ColorFlash.fsh */; };
		D3EFD70B1919F89C00EA8874 /* E07_ColorFlash.m in Sources */ = {isa = PBXBuildFile; fileRef = D3EFD7091919F89C00EA8874 /* E07_ColorFlash.m */; };
/* End PBXBuildFile section */

/* Begin PBXContainerItemProxy section */
		D3EF496C19199D82003E8B91 /* PBXContainerItemProxy */ = {
			isa = PBXContainerItemProxy;
			containerPortal = D3EF496619199D82003E8B91 /* cocos2d-ios.xcodeproj */;
			proxyType = 2;
			remoteGlobalIDString = 5018F24D0DFDEAC400C013A5;
			remoteInfo = cocos2d;
		};
		D3EF496E19199DBA003E8B91 /* PBXContainerItemProxy */ = {
			isa = PBXContainerItemProxy;
			containerPortal = D3EF496619199D82003E8B91 /* cocos2d-ios.xcodeproj */;
			proxyType = 1;
			remoteGlobalIDString = 5018F24C0DFDEAC400C013A5;
			remoteInfo = cocos2d;
		};
/* End PBXContainerItemProxy section */

/* Begin PBXFileReference section */
		753B79F8191A89800034A6D5 /* TODO.txt */ = {isa = PBXFileReference; fileEncoding = 4; lastKnownFileType = text; path = TODO.txt; sourceTree = "<group>"; };
		753B79FA191A8D970034A6D5 /* E11_PixelBlur.fsh */ = {isa = PBXFileReference; fileEncoding = 4; lastKnownFileType = sourcecode.glsl; path = E11_PixelBlur.fsh; sourceTree = "<group>"; };
		753B79FB191A8D970034A6D5 /* E11_PixelBlur.m */ = {isa = PBXFileReference; fileEncoding = 4; lastKnownFileType = sourcecode.c.objc; path = E11_PixelBlur.m; sourceTree = "<group>"; };
		753B7A02191A92840034A6D5 /* E11_PixelBlur.vsh */ = {isa = PBXFileReference; fileEncoding = 4; lastKnownFileType = sourcecode.glsl; path = E11_PixelBlur.vsh; sourceTree = "<group>"; };
		753B7A04191AC2DD0034A6D5 /* E12_ColorMatrix.m */ = {isa = PBXFileReference; fileEncoding = 4; lastKnownFileType = sourcecode.c.objc; path = E12_ColorMatrix.m; sourceTree = "<group>"; };
		753B7A05191AC2DD0034A6D5 /* E12_ColorMatrix.fsh */ = {isa = PBXFileReference; fileEncoding = 4; lastKnownFileType = sourcecode.glsl; path = E12_ColorMatrix.fsh; sourceTree = "<group>"; };
		753B7A08191AD9710034A6D5 /* E13_MotionBlur.fsh */ = {isa = PBXFileReference; fileEncoding = 4; lastKnownFileType = sourcecode.glsl; path = E13_MotionBlur.fsh; sourceTree = "<group>"; };
		753B7A09191AD9710034A6D5 /* E13_MotionBlur.m */ = {isa = PBXFileReference; fileEncoding = 4; lastKnownFileType = sourcecode.c.objc; path = E13_MotionBlur.m; sourceTree = "<group>"; };
		D32754F2191A94EC00865098 /* E08_Outline.fsh */ = {isa = PBXFileReference; fileEncoding = 4; lastKnownFileType = sourcecode.glsl; path = E08_Outline.fsh; sourceTree = "<group>"; };
		D32754F3191A94EC00865098 /* E08_Outline.m */ = {isa = PBXFileReference; fileEncoding = 4; lastKnownFileType = sourcecode.c.objc; path = E08_Outline.m; sourceTree = "<group>"; };
		D32754F7191A973D00865098 /* E08_Outline.vsh */ = {isa = PBXFileReference; fileEncoding = 4; lastKnownFileType = sourcecode.glsl; path = E08_Outline.vsh; sourceTree = "<group>"; };
		D3275505191AE26A00865098 /* E09_Static.fsh */ = {isa = PBXFileReference; fileEncoding = 4; lastKnownFileType = sourcecode.glsl; path = E09_Static.fsh; sourceTree = "<group>"; };
		D3275506191AE26A00865098 /* E09_Static.m */ = {isa = PBXFileReference; fileEncoding = 4; lastKnownFileType = sourcecode.c.objc; path = E09_Static.m; sourceTree = "<group>"; };
		D327550A191AE5E600865098 /* E09_Static.vsh */ = {isa = PBXFileReference; fileEncoding = 4; lastKnownFileType = sourcecode.glsl; path = E09_Static.vsh; sourceTree = "<group>"; };
		D327550C191AEB2400865098 /* gaussianNoise.png */ = {isa = PBXFileReference; lastKnownFileType = image.png; name = gaussianNoise.png; path = Resources/gaussianNoise.png; sourceTree = "<group>"; };
		D33E2B28191D866000FEB214 /* E14_Flag.fsh */ = {isa = PBXFileReference; fileEncoding = 4; lastKnownFileType = sourcecode.glsl; path = E14_Flag.fsh; sourceTree = "<group>"; };
		D33E2B29191D866000FEB214 /* E14_Flag.m */ = {isa = PBXFileReference; fileEncoding = 4; lastKnownFileType = sourcecode.c.objc; path = E14_Flag.m; sourceTree = "<group>"; };
		D33E2B2D191D86EC00FEB214 /* Flag-ipad.png */ = {isa = PBXFileReference; lastKnownFileType = image.png; name = "Flag-ipad.png"; path = "Resources/Flag-ipad.png"; sourceTree = "<group>"; };
		D33E2B2E191D86EC00FEB214 /* Flag-ipadhd.png */ = {isa = PBXFileReference; lastKnownFileType = image.png; name = "Flag-ipadhd.png"; path = "Resources/Flag-ipadhd.png"; sourceTree = "<group>"; };
		D38827A2191D60FA006C1A75 /* BisectionNoise.png */ = {isa = PBXFileReference; lastKnownFileType = image.png; name = BisectionNoise.png; path = Resources/BisectionNoise.png; sourceTree = "<group>"; };
		D38827A3191D60FA006C1A75 /* Caustic.png */ = {isa = PBXFileReference; lastKnownFileType = image.png; name = Caustic.png; path = Resources/Caustic.png; sourceTree = "<group>"; };
		D38827A4191D60FA006C1A75 /* Rocks-ipad.png */ = {isa = PBXFileReference; lastKnownFileType = image.png; name = "Rocks-ipad.png"; path = "Resources/Rocks-ipad.png"; sourceTree = "<group>"; };
		D38827A5191D60FA006C1A75 /* Rocks-ipadhd.png */ = {isa = PBXFileReference; lastKnownFileType = image.png; name = "Rocks-ipadhd.png"; path = "Resources/Rocks-ipadhd.png"; sourceTree = "<group>"; };
		D38827AE191D617F006C1A75 /* E10_Water.fsh */ = {isa = PBXFileReference; fileEncoding = 4; lastKnownFileType = sourcecode.glsl; path = E10_Water.fsh; sourceTree = "<group>"; };
		D38827AF191D617F006C1A75 /* E10_Water.m */ = {isa = PBXFileReference; fileEncoding = 4; lastKnownFileType = sourcecode.c.objc; path = E10_Water.m; sourceTree = "<group>"; };
		D38827B0191D617F006C1A75 /* E10_Water.vsh */ = {isa = PBXFileReference; fileEncoding = 4; lastKnownFileType = sourcecode.glsl; path = E10_Water.vsh; sourceTree = "<group>"; };
		D3EF46F51919997E003E8B91 /* Cocos2DShaderCookbook.app */ = {isa = PBXFileReference; explicitFileType = wrapper.application; includeInIndex = 0; path = Cocos2DShaderCookbook.app; sourceTree = BUILT_PRODUCTS_DIR; };
		D3EF46F81919997E003E8B91 /* QuartzCore.framework */ = {isa = PBXFileReference; lastKnownFileType = wrapper.framework; name = QuartzCore.framework; path = System/Library/Frameworks/QuartzCore.framework; sourceTree = SDKROOT; };
		D3EF46FA1919997E003E8B91 /* OpenGLES.framework */ = {isa = PBXFileReference; lastKnownFileType = wrapper.framework; name = OpenGLES.framework; path = System/Library/Frameworks/OpenGLES.framework; sourceTree = SDKROOT; };
		D3EF46FC1919997E003E8B91 /* OpenAL.framework */ = {isa = PBXFileReference; lastKnownFileType = wrapper.framework; name = OpenAL.framework; path = System/Library/Frameworks/OpenAL.framework; sourceTree = SDKROOT; };
		D3EF46FE1919997E003E8B91 /* AudioToolbox.framework */ = {isa = PBXFileReference; lastKnownFileType = wrapper.framework; name = AudioToolbox.framework; path = System/Library/Frameworks/AudioToolbox.framework; sourceTree = SDKROOT; };
		D3EF47001919997E003E8B91 /* AVFoundation.framework */ = {isa = PBXFileReference; lastKnownFileType = wrapper.framework; name = AVFoundation.framework; path = System/Library/Frameworks/AVFoundation.framework; sourceTree = SDKROOT; };
		D3EF47021919997E003E8B91 /* UIKit.framework */ = {isa = PBXFileReference; lastKnownFileType = wrapper.framework; name = UIKit.framework; path = System/Library/Frameworks/UIKit.framework; sourceTree = SDKROOT; };
		D3EF47041919997E003E8B91 /* Foundation.framework */ = {isa = PBXFileReference; lastKnownFileType = wrapper.framework; name = Foundation.framework; path = System/Library/Frameworks/Foundation.framework; sourceTree = SDKROOT; };
		D3EF47061919997E003E8B91 /* CoreGraphics.framework */ = {isa = PBXFileReference; lastKnownFileType = wrapper.framework; name = CoreGraphics.framework; path = System/Library/Frameworks/CoreGraphics.framework; sourceTree = SDKROOT; };
		D3EF47081919997E003E8B91 /* CoreText.framework */ = {isa = PBXFileReference; lastKnownFileType = wrapper.framework; name = CoreText.framework; path = System/Library/Frameworks/CoreText.framework; sourceTree = SDKROOT; };
		D3EF470A1919997E003E8B91 /* GLKit.framework */ = {isa = PBXFileReference; lastKnownFileType = wrapper.framework; name = GLKit.framework; path = System/Library/Frameworks/GLKit.framework; sourceTree = SDKROOT; };
		D3EF47141919997E003E8B91 /* Default.png */ = {isa = PBXFileReference; lastKnownFileType = image.png; name = Default.png; path = Resources/Default.png; sourceTree = "<group>"; };
		D3EF47161919997E003E8B91 /* Default@2x.png */ = {isa = PBXFileReference; lastKnownFileType = image.png; name = "Default@2x.png"; path = "Resources/Default@2x.png"; sourceTree = "<group>"; };
		D3EF47181919997E003E8B91 /* Default-568h@2x.png */ = {isa = PBXFileReference; lastKnownFileType = image.png; name = "Default-568h@2x.png"; path = "Resources/Default-568h@2x.png"; sourceTree = "<group>"; };
		D3EF471A1919997E003E8B91 /* Default-Landscape~ipad.png */ = {isa = PBXFileReference; lastKnownFileType = image.png; name = "Default-Landscape~ipad.png"; path = "Resources/Default-Landscape~ipad.png"; sourceTree = "<group>"; };
		D3EF471D1919997E003E8B91 /* Icon.png */ = {isa = PBXFileReference; lastKnownFileType = image.png; name = Icon.png; path = Resources/Icons/Icon.png; sourceTree = "<group>"; };
		D3EF471F1919997E003E8B91 /* Icon@2x.png */ = {isa = PBXFileReference; lastKnownFileType = image.png; name = "Icon@2x.png"; path = "Resources/Icons/Icon@2x.png"; sourceTree = "<group>"; };
		D3EF47211919997E003E8B91 /* Icon-72.png */ = {isa = PBXFileReference; lastKnownFileType = image.png; name = "Icon-72.png"; path = "Resources/Icons/Icon-72.png"; sourceTree = "<group>"; };
		D3EF47231919997E003E8B91 /* Icon-72@2x.png */ = {isa = PBXFileReference; lastKnownFileType = image.png; name = "Icon-72@2x.png"; path = "Resources/Icons/Icon-72@2x.png"; sourceTree = "<group>"; };
		D3EF47251919997E003E8B91 /* Icon-76.png */ = {isa = PBXFileReference; lastKnownFileType = image.png; name = "Icon-76.png"; path = "Resources/Icons/Icon-76.png"; sourceTree = "<group>"; };
		D3EF47271919997E003E8B91 /* Icon-76@2x.png */ = {isa = PBXFileReference; lastKnownFileType = image.png; name = "Icon-76@2x.png"; path = "Resources/Icons/Icon-76@2x.png"; sourceTree = "<group>"; };
		D3EF47291919997E003E8B91 /* Icon-120.png */ = {isa = PBXFileReference; lastKnownFileType = image.png; name = "Icon-120.png"; path = "Resources/Icons/Icon-120.png"; sourceTree = "<group>"; };
		D3EF472B1919997E003E8B91 /* Icon-iPad-Spotlight-iOS7@2x.png */ = {isa = PBXFileReference; lastKnownFileType = image.png; name = "Icon-iPad-Spotlight-iOS7@2x.png"; path = "Resources/Icons/Icon-iPad-Spotlight-iOS7@2x.png"; sourceTree = "<group>"; };
		D3EF472D1919997E003E8B91 /* Icon-Small-50.png */ = {isa = PBXFileReference; lastKnownFileType = image.png; name = "Icon-Small-50.png"; path = "Resources/Icons/Icon-Small-50.png"; sourceTree = "<group>"; };
		D3EF472F1919997E003E8B91 /* Icon-Small.png */ = {isa = PBXFileReference; lastKnownFileType = image.png; name = "Icon-Small.png"; path = "Resources/Icons/Icon-Small.png"; sourceTree = "<group>"; };
		D3EF47311919997E003E8B91 /* Icon-Small@2x.png */ = {isa = PBXFileReference; lastKnownFileType = image.png; name = "Icon-Small@2x.png"; path = "Resources/Icons/Icon-Small@2x.png"; sourceTree = "<group>"; };
		D3EF47331919997E003E8B91 /* Icon-Spotlight-iOS7.png */ = {isa = PBXFileReference; lastKnownFileType = image.png; name = "Icon-Spotlight-iOS7.png"; path = "Resources/Icons/Icon-Spotlight-iOS7.png"; sourceTree = "<group>"; };
		D3EF47351919997E003E8B91 /* Icon-Spotlight-iOS7@2x.png */ = {isa = PBXFileReference; lastKnownFileType = image.png; name = "Icon-Spotlight-iOS7@2x.png"; path = "Resources/Icons/Icon-Spotlight-iOS7@2x.png"; sourceTree = "<group>"; };
		D3EF47371919997E003E8B91 /* Info.plist */ = {isa = PBXFileReference; lastKnownFileType = text.plist.xml; name = Info.plist; path = Resources/Info.plist; sourceTree = "<group>"; };
		D3EF494819199980003E8B91 /* Prefix.pch */ = {isa = PBXFileReference; lastKnownFileType = sourcecode.c.h; name = Prefix.pch; path = "Supporting Files/Prefix.pch"; sourceTree = "<group>"; };
		D3EF494919199980003E8B91 /* main.m */ = {isa = PBXFileReference; lastKnownFileType = sourcecode.c.objc; name = main.m; path = "Supporting Files/main.m"; sourceTree = "<group>"; };
		D3EF494C19199980003E8B91 /* AppDelegate.h */ = {isa = PBXFileReference; lastKnownFileType = sourcecode.c.h; name = AppDelegate.h; path = Classes/AppDelegate.h; sourceTree = "<group>"; };
		D3EF494D19199980003E8B91 /* AppDelegate.m */ = {isa = PBXFileReference; lastKnownFileType = sourcecode.c.objc; name = AppDelegate.m; path = Classes/AppDelegate.m; sourceTree = "<group>"; };
		D3EF495E19199B09003E8B91 /* E01_SimplestShader.m */ = {isa = PBXFileReference; fileEncoding = 4; lastKnownFileType = sourcecode.c.objc; path = E01_SimplestShader.m; sourceTree = "<group>"; };
		D3EF496619199D82003E8B91 /* cocos2d-ios.xcodeproj */ = {isa = PBXFileReference; lastKnownFileType = "wrapper.pb-project"; name = "cocos2d-ios.xcodeproj"; path = "Cocos2D/cocos2d-ios.xcodeproj"; sourceTree = "<group>"; };
		D3EF49741919A222003E8B91 /* Logo-ipad.png */ = {isa = PBXFileReference; lastKnownFileType = image.png; name = "Logo-ipad.png"; path = "Resources/Logo-ipad.png"; sourceTree = "<group>"; };
		D3EF49751919A222003E8B91 /* Logo-ipadhd.png */ = {isa = PBXFileReference; lastKnownFileType = image.png; name = "Logo-ipadhd.png"; path = "Resources/Logo-ipadhd.png"; sourceTree = "<group>"; };
		D3EF49781919A343003E8B91 /* E01_SimplestShader.fsh */ = {isa = PBXFileReference; fileEncoding = 4; lastKnownFileType = sourcecode.glsl; path = E01_SimplestShader.fsh; sourceTree = "<group>"; };
		D3EF497D1919ABCB003E8B91 /* E02_SpriteColor.fsh */ = {isa = PBXFileReference; fileEncoding = 4; lastKnownFileType = sourcecode.glsl; path = E02_SpriteColor.fsh; sourceTree = "<group>"; };
		D3EF497E1919ABCB003E8B91 /* E02_SpriteColor.m */ = {isa = PBXFileReference; fileEncoding = 4; lastKnownFileType = sourcecode.c.objc; path = E02_SpriteColor.m; sourceTree = "<group>"; };
		D3EF49811919AE7D003E8B91 /* Interface-ipad.plist */ = {isa = PBXFileReference; fileEncoding = 4; lastKnownFileType = text.plist.xml; name = "Interface-ipad.plist"; path = "Resources/Interface-ipad.plist"; sourceTree = "<group>"; };
		D3EF49821919AE7D003E8B91 /* Interface-ipad.png */ = {isa = PBXFileReference; lastKnownFileType = image.png; name = "Interface-ipad.png"; path = "Resources/Interface-ipad.png"; sourceTree = "<group>"; };
		D3EF49831919AE7D003E8B91 /* Interface-ipadhd.plist */ = {isa = PBXFileReference; fileEncoding = 4; lastKnownFileType = text.plist.xml; name = "Interface-ipadhd.plist"; path = "Resources/Interface-ipadhd.plist"; sourceTree = "<group>"; };
		D3EF49841919AE7D003E8B91 /* Interface-ipadhd.png */ = {isa = PBXFileReference; lastKnownFileType = image.png; name = "Interface-ipadhd.png"; path = "Resources/Interface-ipadhd.png"; sourceTree = "<group>"; };
		D3EF49851919AE7D003E8B91 /* slider-background-ipad.png */ = {isa = PBXFileReference; lastKnownFileType = image.png; name = "slider-background-ipad.png"; path = "Resources/slider-background-ipad.png"; sourceTree = "<group>"; };
		D3EF49861919AE7D003E8B91 /* slider-background-ipadhd.png */ = {isa = PBXFileReference; lastKnownFileType = image.png; name = "slider-background-ipadhd.png"; path = "Resources/slider-background-ipadhd.png"; sourceTree = "<group>"; };
		D3EF49871919AE7D003E8B91 /* slider-handle-ipad.png */ = {isa = PBXFileReference; lastKnownFileType = image.png; name = "slider-handle-ipad.png"; path = "Resources/slider-handle-ipad.png"; sourceTree = "<group>"; };
		D3EF49881919AE7D003E8B91 /* slider-handle-ipadhd.png */ = {isa = PBXFileReference; lastKnownFileType = image.png; name = "slider-handle-ipadhd.png"; path = "Resources/slider-handle-ipadhd.png"; sourceTree = "<group>"; };
		D3EF49911919BE55003E8B91 /* E03_SpriteDistort.fsh */ = {isa = PBXFileReference; fileEncoding = 4; lastKnownFileType = sourcecode.glsl; path = E03_SpriteDistort.fsh; sourceTree = "<group>"; };
		D3EF49921919BE55003E8B91 /* E03_SpriteDistort.m */ = {isa = PBXFileReference; fileEncoding = 4; lastKnownFileType = sourcecode.c.objc; path = E03_SpriteDistort.m; sourceTree = "<group>"; };
		D3EF49951919C543003E8B91 /* ExampleBase.h */ = {isa = PBXFileReference; fileEncoding = 4; lastKnownFileType = sourcecode.c.h; name = ExampleBase.h; path = Classes/ExampleBase.h; sourceTree = "<group>"; };
		D3EF49961919C543003E8B91 /* ExampleBase.m */ = {isa = PBXFileReference; fileEncoding = 4; lastKnownFileType = sourcecode.c.objc; name = ExampleBase.m; path = Classes/ExampleBase.m; sourceTree = "<group>"; };
		D3EFD6F51919DA1700EA8874 /* E04_Grayscale.fsh */ = {isa = PBXFileReference; fileEncoding = 4; lastKnownFileType = sourcecode.glsl; path = E04_Grayscale.fsh; sourceTree = "<group>"; };
		D3EFD6F61919DA1700EA8874 /* E04_Grayscale.m */ = {isa = PBXFileReference; fileEncoding = 4; lastKnownFileType = sourcecode.c.objc; path = E04_Grayscale.m; sourceTree = "<group>"; };
		D3EFD6FF1919DFA100EA8874 /* E05_Chromatic.m */ = {isa = PBXFileReference; fileEncoding = 4; lastKnownFileType = sourcecode.c.objc; path = E05_Chromatic.m; sourceTree = "<group>"; };
		D3EFD7021919DFA600EA8874 /* E05_Chromatic.fsh */ = {isa = PBXFileReference; fileEncoding = 4; lastKnownFileType = sourcecode.glsl; path = E05_Chromatic.fsh; sourceTree = "<group>"; };
		D3EFD7041919E51800EA8874 /* E06_Shadow.fsh */ = {isa = PBXFileReference; fileEncoding = 4; lastKnownFileType = sourcecode.glsl; path = E06_Shadow.fsh; sourceTree = "<group>"; };
		D3EFD7051919E51800EA8874 /* E06_Shadow.m */ = {isa = PBXFileReference; fileEncoding = 4; lastKnownFileType = sourcecode.c.objc; path = E06_Shadow.m; sourceTree = "<group>"; };
		D3EFD7081919F89C00EA8874 /* E07_ColorFlash.fsh */ = {isa = PBXFileReference; fileEncoding = 4; lastKnownFileType = sourcecode.glsl; path = E07_ColorFlash.fsh; sourceTree = "<group>"; };
		D3EFD7091919F89C00EA8874 /* E07_ColorFlash.m */ = {isa = PBXFileReference; fileEncoding = 4; lastKnownFileType = sourcecode.c.objc; path = E07_ColorFlash.m; sourceTree = "<group>"; };
/* End PBXFileReference section */

/* Begin PBXFrameworksBuildPhase section */
		D3EF46F21919997E003E8B91 /* Frameworks */ = {
			isa = PBXFrameworksBuildPhase;
			buildActionMask = 2147483647;
			files = (
				D3EF497019199DBF003E8B91 /* libcocos2d.a in Frameworks */,
				D3EF46FD1919997E003E8B91 /* OpenAL.framework in Frameworks */,
				D3EF47031919997E003E8B91 /* UIKit.framework in Frameworks */,
				D3EF46F91919997E003E8B91 /* QuartzCore.framework in Frameworks */,
				D3EF47011919997E003E8B91 /* AVFoundation.framework in Frameworks */,
				D3EF47071919997E003E8B91 /* CoreGraphics.framework in Frameworks */,
				D3EF47091919997E003E8B91 /* CoreText.framework in Frameworks */,
				D3EF46FB1919997E003E8B91 /* OpenGLES.framework in Frameworks */,
				D3EF47051919997E003E8B91 /* Foundation.framework in Frameworks */,
				D3EF470B1919997E003E8B91 /* GLKit.framework in Frameworks */,
				D3EF46FF1919997E003E8B91 /* AudioToolbox.framework in Frameworks */,
			);
			runOnlyForDeploymentPostprocessing = 0;
		};
/* End PBXFrameworksBuildPhase section */

/* Begin PBXGroup section */
		D3EF46EC1919997E003E8B91 = {
			isa = PBXGroup;
			children = (
				753B79F8191A89800034A6D5 /* TODO.txt */,
				D3EF47121919997E003E8B91 /* Cookbook */,
				D3EF46F71919997E003E8B91 /* Frameworks */,
				D3EF46F61919997E003E8B91 /* Products */,
				D3EF496619199D82003E8B91 /* cocos2d-ios.xcodeproj */,
			);
			sourceTree = "<group>";
		};
		D3EF46F61919997E003E8B91 /* Products */ = {
			isa = PBXGroup;
			children = (
				D3EF46F51919997E003E8B91 /* Cocos2DShaderCookbook.app */,
			);
			name = Products;
			sourceTree = "<group>";
		};
		D3EF46F71919997E003E8B91 /* Frameworks */ = {
			isa = PBXGroup;
			children = (
				D3EF46F81919997E003E8B91 /* QuartzCore.framework */,
				D3EF46FA1919997E003E8B91 /* OpenGLES.framework */,
				D3EF46FC1919997E003E8B91 /* OpenAL.framework */,
				D3EF46FE1919997E003E8B91 /* AudioToolbox.framework */,
				D3EF47001919997E003E8B91 /* AVFoundation.framework */,
				D3EF47021919997E003E8B91 /* UIKit.framework */,
				D3EF47041919997E003E8B91 /* Foundation.framework */,
				D3EF47061919997E003E8B91 /* CoreGraphics.framework */,
				D3EF47081919997E003E8B91 /* CoreText.framework */,
				D3EF470A1919997E003E8B91 /* GLKit.framework */,
			);
			name = Frameworks;
			sourceTree = "<group>";
		};
		D3EF47121919997E003E8B91 /* Cookbook */ = {
			isa = PBXGroup;
			children = (
				D3EF494B19199980003E8B91 /* Classes */,
				D3EF497319199F8A003E8B91 /* Examples */,
				D3EF47131919997E003E8B91 /* Resources */,
				D3EF494719199980003E8B91 /* Supporting Files */,
			);
			path = Cookbook;
			sourceTree = "<group>";
		};
		D3EF47131919997E003E8B91 /* Resources */ = {
			isa = PBXGroup;
			children = (
				D33E2B2D191D86EC00FEB214 /* Flag-ipad.png */,
				D33E2B2E191D86EC00FEB214 /* Flag-ipadhd.png */,
				D38827A2191D60FA006C1A75 /* BisectionNoise.png */,
				D38827A3191D60FA006C1A75 /* Caustic.png */,
				D38827A4191D60FA006C1A75 /* Rocks-ipad.png */,
				D38827A5191D60FA006C1A75 /* Rocks-ipadhd.png */,
				D327550C191AEB2400865098 /* gaussianNoise.png */,
				D3EF49811919AE7D003E8B91 /* Interface-ipad.plist */,
				D3EF49821919AE7D003E8B91 /* Interface-ipad.png */,
				D3EF49831919AE7D003E8B91 /* Interface-ipadhd.plist */,
				D3EF49841919AE7D003E8B91 /* Interface-ipadhd.png */,
				D3EF49851919AE7D003E8B91 /* slider-background-ipad.png */,
				D3EF49861919AE7D003E8B91 /* slider-background-ipadhd.png */,
				D3EF49871919AE7D003E8B91 /* slider-handle-ipad.png */,
				D3EF49881919AE7D003E8B91 /* slider-handle-ipadhd.png */,
				D3EF49741919A222003E8B91 /* Logo-ipad.png */,
				D3EF49751919A222003E8B91 /* Logo-ipadhd.png */,
				D3EF47141919997E003E8B91 /* Default.png */,
				D3EF47161919997E003E8B91 /* Default@2x.png */,
				D3EF47181919997E003E8B91 /* Default-568h@2x.png */,
				D3EF471A1919997E003E8B91 /* Default-Landscape~ipad.png */,
				D3EF47371919997E003E8B91 /* Info.plist */,
				D3EF471C1919997E003E8B91 /* Icons */,
			);
			name = Resources;
			sourceTree = "<group>";
		};
		D3EF471C1919997E003E8B91 /* Icons */ = {
			isa = PBXGroup;
			children = (
				D3EF471D1919997E003E8B91 /* Icon.png */,
				D3EF471F1919997E003E8B91 /* Icon@2x.png */,
				D3EF47211919997E003E8B91 /* Icon-72.png */,
				D3EF47231919997E003E8B91 /* Icon-72@2x.png */,
				D3EF47251919997E003E8B91 /* Icon-76.png */,
				D3EF47271919997E003E8B91 /* Icon-76@2x.png */,
				D3EF47291919997E003E8B91 /* Icon-120.png */,
				D3EF472B1919997E003E8B91 /* Icon-iPad-Spotlight-iOS7@2x.png */,
				D3EF472D1919997E003E8B91 /* Icon-Small-50.png */,
				D3EF472F1919997E003E8B91 /* Icon-Small.png */,
				D3EF47311919997E003E8B91 /* Icon-Small@2x.png */,
				D3EF47331919997E003E8B91 /* Icon-Spotlight-iOS7.png */,
				D3EF47351919997E003E8B91 /* Icon-Spotlight-iOS7@2x.png */,
			);
			name = Icons;
			sourceTree = "<group>";
		};
		D3EF494719199980003E8B91 /* Supporting Files */ = {
			isa = PBXGroup;
			children = (
				D3EF494819199980003E8B91 /* Prefix.pch */,
				D3EF494919199980003E8B91 /* main.m */,
			);
			name = "Supporting Files";
			sourceTree = "<group>";
		};
		D3EF494B19199980003E8B91 /* Classes */ = {
			isa = PBXGroup;
			children = (
				D3EF494C19199980003E8B91 /* AppDelegate.h */,
				D3EF494D19199980003E8B91 /* AppDelegate.m */,
				D3EF49951919C543003E8B91 /* ExampleBase.h */,
				D3EF49961919C543003E8B91 /* ExampleBase.m */,
			);
			name = Classes;
			sourceTree = "<group>";
		};
		D3EF496719199D82003E8B91 /* Products */ = {
			isa = PBXGroup;
			children = (
				D3EF496D19199D82003E8B91 /* libcocos2d.a */,
			);
			name = Products;
			sourceTree = "<group>";
		};
		D3EF497319199F8A003E8B91 /* Examples */ = {
			isa = PBXGroup;
			children = (
				D3EF495E19199B09003E8B91 /* E01_SimplestShader.m */,
				D3EF49781919A343003E8B91 /* E01_SimplestShader.fsh */,
				D3EF497E1919ABCB003E8B91 /* E02_SpriteColor.m */,
				D3EF497D1919ABCB003E8B91 /* E02_SpriteColor.fsh */,
				D3EF49921919BE55003E8B91 /* E03_SpriteDistort.m */,
				D3EF49911919BE55003E8B91 /* E03_SpriteDistort.fsh */,
				D3EFD6F61919DA1700EA8874 /* E04_Grayscale.m */,
				D3EFD6F51919DA1700EA8874 /* E04_Grayscale.fsh */,
				D3EFD6FF1919DFA100EA8874 /* E05_Chromatic.m */,
				D3EFD7021919DFA600EA8874 /* E05_Chromatic.fsh */,
				D3EFD7051919E51800EA8874 /* E06_Shadow.m */,
				D3EFD7041919E51800EA8874 /* E06_Shadow.fsh */,
				D3EFD7091919F89C00EA8874 /* E07_ColorFlash.m */,
				D3EFD7081919F89C00EA8874 /* E07_ColorFlash.fsh */,
				D32754F3191A94EC00865098 /* E08_Outline.m */,
				D32754F7191A973D00865098 /* E08_Outline.vsh */,
				D32754F2191A94EC00865098 /* E08_Outline.fsh */,
				D3275506191AE26A00865098 /* E09_Static.m */,
				D327550A191AE5E600865098 /* E09_Static.vsh */,
				D3275505191AE26A00865098 /* E09_Static.fsh */,
				D38827AF191D617F006C1A75 /* E10_Water.m */,
				D38827B0191D617F006C1A75 /* E10_Water.vsh */,
				D38827AE191D617F006C1A75 /* E10_Water.fsh */,
				753B79FB191A8D970034A6D5 /* E11_PixelBlur.m */,
				753B7A02191A92840034A6D5 /* E11_PixelBlur.vsh */,
				753B79FA191A8D970034A6D5 /* E11_PixelBlur.fsh */,
				753B7A04191AC2DD0034A6D5 /* E12_ColorMatrix.m */,
				753B7A05191AC2DD0034A6D5 /* E12_ColorMatrix.fsh */,
				753B7A09191AD9710034A6D5 /* E13_MotionBlur.m */,
				753B7A08191AD9710034A6D5 /* E13_MotionBlur.fsh */,
				D33E2B29191D866000FEB214 /* E14_Flag.m */,
				D33E2B28191D866000FEB214 /* E14_Flag.fsh */,
			);
			path = Examples;
			sourceTree = "<group>";
		};
/* End PBXGroup section */

/* Begin PBXNativeTarget section */
		D3EF46F41919997E003E8B91 /* Cocos2DShaderCookbook */ = {
			isa = PBXNativeTarget;
			buildConfigurationList = D3EF495A19199980003E8B91 /* Build configuration list for PBXNativeTarget "Cocos2DShaderCookbook" */;
			buildPhases = (
				D3EF46F11919997E003E8B91 /* Sources */,
				D3EF46F21919997E003E8B91 /* Frameworks */,
				D3EF46F31919997E003E8B91 /* Resources */,
			);
			buildRules = (
			);
			dependencies = (
				D3EF496F19199DBA003E8B91 /* PBXTargetDependency */,
			);
			name = Cocos2DShaderCookbook;
			productName = Shaders4Cocos2D;
			productReference = D3EF46F51919997E003E8B91 /* Cocos2DShaderCookbook.app */;
			productType = "com.apple.product-type.application";
		};
/* End PBXNativeTarget section */

/* Begin PBXProject section */
		D3EF46ED1919997E003E8B91 /* Project object */ = {
			isa = PBXProject;
			attributes = {
				LastUpgradeCheck = 0510;
				ORGANIZATIONNAME = "Cocos2D-iPhone";
			};
			buildConfigurationList = D3EF46F01919997E003E8B91 /* Build configuration list for PBXProject "Cocos2DShaderCookbook" */;
			compatibilityVersion = "Xcode 3.2";
			developmentRegion = English;
			hasScannedForEncodings = 0;
			knownRegions = (
				en,
			);
			mainGroup = D3EF46EC1919997E003E8B91;
			productRefGroup = D3EF46F61919997E003E8B91 /* Products */;
			projectDirPath = "";
			projectReferences = (
				{
					ProductGroup = D3EF496719199D82003E8B91 /* Products */;
					ProjectRef = D3EF496619199D82003E8B91 /* cocos2d-ios.xcodeproj */;
				},
			);
			projectRoot = "";
			targets = (
				D3EF46F41919997E003E8B91 /* Cocos2DShaderCookbook */,
			);
		};
/* End PBXProject section */

/* Begin PBXReferenceProxy section */
		D3EF496D19199D82003E8B91 /* libcocos2d.a */ = {
			isa = PBXReferenceProxy;
			fileType = archive.ar;
			path = libcocos2d.a;
			remoteRef = D3EF496C19199D82003E8B91 /* PBXContainerItemProxy */;
			sourceTree = BUILT_PRODUCTS_DIR;
		};
/* End PBXReferenceProxy section */

/* Begin PBXResourcesBuildPhase section */
		D3EF46F31919997E003E8B91 /* Resources */ = {
			isa = PBXResourcesBuildPhase;
			buildActionMask = 2147483647;
			files = (
				D3EF47171919997E003E8B91 /* Default@2x.png in Resources */,
				753B7A07191AC2DD0034A6D5 /* E12_ColorMatrix.fsh in Resources */,
				D3EF472A1919997E003E8B91 /* Icon-120.png in Resources */,
				D3EF49901919AE7D003E8B91 /* slider-handle-ipadhd.png in Resources */,
				D3EFD7031919DFA600EA8874 /* E05_Chromatic.fsh in Resources */,
				D3EF49891919AE7D003E8B91 /* Interface-ipad.plist in Resources */,
				D38827B3191D617F006C1A75 /* E10_Water.vsh in Resources */,
				D3EF47201919997E003E8B91 /* Icon@2x.png in Resources */,
				D3EF498E1919AE7D003E8B91 /* slider-background-ipadhd.png in Resources */,
				D3EF47321919997E003E8B91 /* Icon-Small@2x.png in Resources */,
				D3EF47241919997E003E8B91 /* Icon-72@2x.png in Resources */,
				D38827A6191D60FA006C1A75 /* BisectionNoise.png in Resources */,
				753B79FC191A8D970034A6D5 /* E11_PixelBlur.fsh in Resources */,
				D38827A9191D60FA006C1A75 /* Rocks-ipadhd.png in Resources */,
				D38827B1191D617F006C1A75 /* E10_Water.fsh in Resources */,
				D3EF47151919997E003E8B91 /* Default.png in Resources */,
				D3EF498C1919AE7D003E8B91 /* Interface-ipadhd.png in Resources */,
				D3EF471E1919997E003E8B91 /* Icon.png in Resources */,
				D3EF49931919BE55003E8B91 /* E03_SpriteDistort.fsh in Resources */,
				D32754F4191A94EC00865098 /* E08_Outline.fsh in Resources */,
				D3275507191AE26A00865098 /* E09_Static.fsh in Resources */,
				D3EF472C1919997E003E8B91 /* Icon-iPad-Spotlight-iOS7@2x.png in Resources */,
				D3EF49791919A343003E8B91 /* E01_SimplestShader.fsh in Resources */,
				D38827A8191D60FA006C1A75 /* Rocks-ipad.png in Resources */,
				D3EF471B1919997E003E8B91 /* Default-Landscape~ipad.png in Resources */,
				D3EF47301919997E003E8B91 /* Icon-Small.png in Resources */,
				D33E2B30191D86EC00FEB214 /* Flag-ipadhd.png in Resources */,
				D3EF497F1919ABCB003E8B91 /* E02_SpriteColor.fsh in Resources */,
				D3EFD6F71919DA1700EA8874 /* E04_Grayscale.fsh in Resources */,
				D3EF472E1919997E003E8B91 /* Icon-Small-50.png in Resources */,
				D33E2B2F191D86EC00FEB214 /* Flag-ipad.png in Resources */,
				D3EF498B1919AE7D003E8B91 /* Interface-ipadhd.plist in Resources */,
				D32754F8191A973D00865098 /* E08_Outline.vsh in Resources */,
				D327550D191AEB2400865098 /* gaussianNoise.png in Resources */,
				D327550B191AE5E600865098 /* E09_Static.vsh in Resources */,
				D3EF47221919997E003E8B91 /* Icon-72.png in Resources */,
				D3EF47191919997E003E8B91 /* Default-568h@2x.png in Resources */,
				D3EF49771919A222003E8B91 /* Logo-ipadhd.png in Resources */,
				D3EF47341919997E003E8B91 /* Icon-Spotlight-iOS7.png in Resources */,
				753B7A03191A92840034A6D5 /* E11_PixelBlur.vsh in Resources */,
				753B79F9191A89800034A6D5 /* TODO.txt in Resources */,
				D3EF498F1919AE7D003E8B91 /* slider-handle-ipad.png in Resources */,
				D3EF47281919997E003E8B91 /* Icon-76@2x.png in Resources */,
				D3EFD7061919E51800EA8874 /* E06_Shadow.fsh in Resources */,
				D3EF49761919A222003E8B91 /* Logo-ipad.png in Resources */,
				D33E2B2A191D866000FEB214 /* E14_Flag.fsh in Resources */,
				D3EFD70A1919F89C00EA8874 /* E07_ColorFlash.fsh in Resources */,
				D38827A7191D60FA006C1A75 /* Caustic.png in Resources */,
				D3EF498A1919AE7D003E8B91 /* Interface-ipad.png in Resources */,
				753B7A0A191AD9710034A6D5 /* E13_MotionBlur.fsh in Resources */,
				D3EF498D1919AE7D003E8B91 /* slider-background-ipad.png in Resources */,
				D3EF47361919997E003E8B91 /* Icon-Spotlight-iOS7@2x.png in Resources */,
				D3EF47261919997E003E8B91 /* Icon-76.png in Resources */,
			);
			runOnlyForDeploymentPostprocessing = 0;
		};
/* End PBXResourcesBuildPhase section */

/* Begin PBXSourcesBuildPhase section */
		D3EF46F11919997E003E8B91 /* Sources */ = {
			isa = PBXSourcesBuildPhase;
			buildActionMask = 2147483647;
			files = (
				753B79FD191A8D970034A6D5 /* E11_PixelBlur.m in Sources */,
				D3EFD6F81919DA1700EA8874 /* E04_Grayscale.m in Sources */,
				D3EF49801919ABCB003E8B91 /* E02_SpriteColor.m in Sources */,
				D3EF49941919BE55003E8B91 /* E03_SpriteDistort.m in Sources */,
				D3EF494A19199980003E8B91 /* main.m in Sources */,
				D3EF495F19199B09003E8B91 /* E01_SimplestShader.m in Sources */,
				753B7A0B191AD9710034A6D5 /* E13_MotionBlur.m in Sources */,
				D3EFD70B1919F89C00EA8874 /* E07_ColorFlash.m in Sources */,
				753B7A06191AC2DD0034A6D5 /* E12_ColorMatrix.m in Sources */,
				D33E2B2B191D866000FEB214 /* E14_Flag.m in Sources */,
				D3EFD7071919E51800EA8874 /* E06_Shadow.m in Sources */,
				D3275508191AE26A00865098 /* E09_Static.m in Sources */,
				D3EFD7001919DFA100EA8874 /* E05_Chromatic.m in Sources */,
				D32754F5191A94EC00865098 /* E08_Outline.m in Sources */,
				D3EF494E19199980003E8B91 /* AppDelegate.m in Sources */,
				D38827B2191D617F006C1A75 /* E10_Water.m in Sources */,
				D3EF49971919C543003E8B91 /* ExampleBase.m in Sources */,
			);
			runOnlyForDeploymentPostprocessing = 0;
		};
/* End PBXSourcesBuildPhase section */

/* Begin PBXTargetDependency section */
		D3EF496F19199DBA003E8B91 /* PBXTargetDependency */ = {
			isa = PBXTargetDependency;
			name = cocos2d;
			targetProxy = D3EF496E19199DBA003E8B91 /* PBXContainerItemProxy */;
		};
/* End PBXTargetDependency section */

/* Begin XCBuildConfiguration section */
		D3EF495519199980003E8B91 /* Debug */ = {
			isa = XCBuildConfiguration;
			buildSettings = {
				ARCHS = "$(ARCHS_STANDARD_32_BIT)";
				CLANG_ENABLE_OBJC_ARC = YES;
				"CODE_SIGN_IDENTITY[sdk=iphoneos*]" = "iPhone Developer";
				GCC_C_LANGUAGE_STANDARD = gnu99;
				GCC_OPTIMIZATION_LEVEL = 0;
				GCC_PREPROCESSOR_DEFINITIONS = (
					DEBUG,
					"COCOS2D_DEBUG=1",
				);
				GCC_SYMBOLS_PRIVATE_EXTERN = NO;
				GCC_VERSION = com.apple.compilers.llvm.clang.1_0;
				GCC_WARN_ABOUT_RETURN_TYPE = YES;
				GCC_WARN_UNUSED_VARIABLE = YES;
				IPHONEOS_DEPLOYMENT_TARGET = 5.0;
				SDKROOT = iphoneos;
				TARGETED_DEVICE_FAMILY = 2;
			};
			name = Debug;
		};
		D3EF495619199980003E8B91 /* Release */ = {
			isa = XCBuildConfiguration;
			buildSettings = {
				ARCHS = "$(ARCHS_STANDARD_32_BIT)";
				CLANG_ENABLE_OBJC_ARC = YES;
				"CODE_SIGN_IDENTITY[sdk=iphoneos*]" = "iPhone Developer";
				GCC_C_LANGUAGE_STANDARD = gnu99;
				GCC_PREPROCESSOR_DEFINITIONS = (
					NDEBUG,
					"NS_BLOCK_ASSERTIONS=1",
				);
				GCC_VERSION = com.apple.compilers.llvm.clang.1_0;
				GCC_WARN_ABOUT_RETURN_TYPE = YES;
				GCC_WARN_UNUSED_VARIABLE = YES;
				IPHONEOS_DEPLOYMENT_TARGET = 5.0;
				SDKROOT = iphoneos;
				TARGETED_DEVICE_FAMILY = 2;
			};
			name = Release;
		};
		D3EF495B19199980003E8B91 /* Debug */ = {
			isa = XCBuildConfiguration;
			buildSettings = {
				ALWAYS_SEARCH_USER_PATHS = NO;
				ARCHS = "$(ARCHS_STANDARD)";
				COPY_PHASE_STRIP = NO;
				GCC_DYNAMIC_NO_PIC = NO;
				GCC_PRECOMPILE_PREFIX_HEADER = YES;
				GCC_PREFIX_HEADER = "Cookbook/Supporting Files/Prefix.pch";
				HEADER_SEARCH_PATHS = (
					"\"$(SRCROOT)/Cocos2D/cocos2d\"/**",
					"\"$(SRCROOT)/Cocos2D/external/ObjectAL\"/**",
					"\"$(SRCROOT)/Cocos2D/external/Chipmunk/include\"",
					"\"$(SRCROOT)/Cocos2D/external/Chipmunk/objectivec/include\"",
					"\"$(SRCROOT)/Cocos2D/cocos2d-ui\"/**",
				);
				INFOPLIST_FILE = Cookbook/Resources/Info.plist;
				ONLY_ACTIVE_ARCH = YES;
				OTHER_LDFLAGS = (
					"-lz",
					"-lsqlite3",
					"-ObjC",
				);
				PRODUCT_NAME = Cocos2DShaderCookbook;
				TARGETED_DEVICE_FAMILY = 2;
				WRAPPER_EXTENSION = app;
			};
			name = Debug;
		};
		D3EF495C19199980003E8B91 /* Release */ = {
			isa = XCBuildConfiguration;
			buildSettings = {
				ALWAYS_SEARCH_USER_PATHS = NO;
				ARCHS = "$(ARCHS_STANDARD)";
				COPY_PHASE_STRIP = YES;
				GCC_PRECOMPILE_PREFIX_HEADER = YES;
				GCC_PREFIX_HEADER = "Cookbook/Supporting Files/Prefix.pch";
				HEADER_SEARCH_PATHS = (
					"\"$(SRCROOT)/Cocos2D/cocos2d\"/**",
					"\"$(SRCROOT)/Cocos2D/external/ObjectAL\"/**",
					"\"$(SRCROOT)/Cocos2D/external/Chipmunk/include\"",
					"\"$(SRCROOT)/Cocos2D/external/Chipmunk/objectivec/include\"",
					"\"$(SRCROOT)/Cocos2D/cocos2d-ui\"/**",
				);
				INFOPLIST_FILE = Cookbook/Resources/Info.plist;
				OTHER_LDFLAGS = (
					"-lz",
					"-lsqlite3",
					"-ObjC",
				);
				PRODUCT_NAME = Cocos2DShaderCookbook;
				TARGETED_DEVICE_FAMILY = 2;
				VALIDATE_PRODUCT = YES;
				WRAPPER_EXTENSION = app;
			};
			name = Release;
		};
/* End XCBuildConfiguration section */

/* Begin XCConfigurationList section */
		D3EF46F01919997E003E8B91 /* Build configuration list for PBXProject "Cocos2DShaderCookbook" */ = {
			isa = XCConfigurationList;
			buildConfigurations = (
				D3EF495519199980003E8B91 /* Debug */,
				D3EF495619199980003E8B91 /* Release */,
			);
			defaultConfigurationIsVisible = 0;
			defaultConfigurationName = Release;
		};
		D3EF495A19199980003E8B91 /* Build configuration list for PBXNativeTarget "Cocos2DShaderCookbook" */ = {
			isa = XCConfigurationList;
			buildConfigurations = (
				D3EF495B19199980003E8B91 /* Debug */,
				D3EF495C19199980003E8B91 /* Release */,
			);
			defaultConfigurationIsVisible = 0;
			defaultConfigurationName = Release;
		};
/* End XCConfigurationList section */
	};
	rootObject = D3EF46ED1919997E003E8B91 /* Project object */;
}
